// !$*UTF8*$!
{
	archiveVersion = 1;
	classes = {
	};
	objectVersion = 56;
	objects = {

/* Begin PBXBuildFile section */
		6801F1532C6DFB84003737C5 /* AppDelegate.m in Sources */ = {isa = PBXBuildFile; fileRef = 6801F1522C6DFB84003737C5 /* AppDelegate.m */; };
		6801F1562C6DFB84003737C5 /* SceneDelegate.m in Sources */ = {isa = PBXBuildFile; fileRef = 6801F1552C6DFB84003737C5 /* SceneDelegate.m */; };
		6801F1592C6DFB84003737C5 /* ViewController.m in Sources */ = {isa = PBXBuildFile; fileRef = 6801F1582C6DFB84003737C5 /* ViewController.m */; };
		6801F15C2C6DFB84003737C5 /* Main.storyboard in Resources */ = {isa = PBXBuildFile; fileRef = 6801F15A2C6DFB84003737C5 /* Main.storyboard */; };
		6801F15E2C6DFB86003737C5 /* Assets.xcassets in Resources */ = {isa = PBXBuildFile; fileRef = 6801F15D2C6DFB86003737C5 /* Assets.xcassets */; };
		6801F1612C6DFB86003737C5 /* LaunchScreen.storyboard in Resources */ = {isa = PBXBuildFile; fileRef = 6801F15F2C6DFB86003737C5 /* LaunchScreen.storyboard */; };
		6801F1642C6DFB86003737C5 /* main.m in Sources */ = {isa = PBXBuildFile; fileRef = 6801F1632C6DFB86003737C5 /* main.m */; };
		6801F16E2C6DFB86003737C5 /* KJImageCompressionTests.m in Sources */ = {isa = PBXBuildFile; fileRef = 6801F16D2C6DFB86003737C5 /* KJImageCompressionTests.m */; };
		6801F1782C6DFB86003737C5 /* KJImageCompressionUITests.m in Sources */ = {isa = PBXBuildFile; fileRef = 6801F1772C6DFB86003737C5 /* KJImageCompressionUITests.m */; };
		6801F17A2C6DFB86003737C5 /* KJImageCompressionUITestsLaunchTests.m in Sources */ = {isa = PBXBuildFile; fileRef = 6801F1792C6DFB86003737C5 /* KJImageCompressionUITestsLaunchTests.m */; };
		6801F1882C6DFC08003737C5 /* KJImageCompressVC.m in Sources */ = {isa = PBXBuildFile; fileRef = 6801F1872C6DFC08003737C5 /* KJImageCompressVC.m */; };
		6801F18D2C6DFC8F003737C5 /* NSData+ImageFormat.m in Sources */ = {isa = PBXBuildFile; fileRef = 6801F18C2C6DFC8F003737C5 /* NSData+ImageFormat.m */; };
		6801F1902C6DFCB5003737C5 /* UIImage+Compression.m in Sources */ = {isa = PBXBuildFile; fileRef = 6801F18F2C6DFCB5003737C5 /* UIImage+Compression.m */; };
		6801F1942C6E0CE9003737C5 /* png.png in Resources */ = {isa = PBXBuildFile; fileRef = 6801F1912C6E0CE9003737C5 /* png.png */; };
		6801F1952C6E0CE9003737C5 /* jpg.jpg in Resources */ = {isa = PBXBuildFile; fileRef = 6801F1922C6E0CE9003737C5 /* jpg.jpg */; };
		6801F1962C6E0CE9003737C5 /* gif.gif in Resources */ = {isa = PBXBuildFile; fileRef = 6801F1932C6E0CE9003737C5 /* gif.gif */; };
/* End PBXBuildFile section */

/* Begin PBXContainerItemProxy section */
		6801F16A2C6DFB86003737C5 /* PBXContainerItemProxy */ = {
			isa = PBXContainerItemProxy;
			containerPortal = 6801F1462C6DFB84003737C5 /* Project object */;
			proxyType = 1;
			remoteGlobalIDString = 6801F14D2C6DFB84003737C5;
			remoteInfo = KJImageCompression;
		};
		6801F1742C6DFB86003737C5 /* PBXContainerItemProxy */ = {
			isa = PBXContainerItemProxy;
			containerPortal = 6801F1462C6DFB84003737C5 /* Project object */;
			proxyType = 1;
			remoteGlobalIDString = 6801F14D2C6DFB84003737C5;
			remoteInfo = KJImageCompression;
		};
/* End PBXContainerItemProxy section */

/* Begin PBXFileReference section */
		6801F14E2C6DFB84003737C5 /* KJImageCompression.app */ = {isa = PBXFileReference; explicitFileType = wrapper.application; includeInIndex = 0; path = KJImageCompression.app; sourceTree = BUILT_PRODUCTS_DIR; };
		6801F1512C6DFB84003737C5 /* AppDelegate.h */ = {isa = PBXFileReference; lastKnownFileType = sourcecode.c.h; path = AppDelegate.h; sourceTree = "<group>"; };
		6801F1522C6DFB84003737C5 /* AppDelegate.m */ = {isa = PBXFileReference; lastKnownFileType = sourcecode.c.objc; path = AppDelegate.m; sourceTree = "<group>"; };
		6801F1542C6DFB84003737C5 /* SceneDelegate.h */ = {isa = PBXFileReference; lastKnownFileType = sourcecode.c.h; path = SceneDelegate.h; sourceTree = "<group>"; };
		6801F1552C6DFB84003737C5 /* SceneDelegate.m */ = {isa = PBXFileReference; lastKnownFileType = sourcecode.c.objc; path = SceneDelegate.m; sourceTree = "<group>"; };
		6801F1572C6DFB84003737C5 /* ViewController.h */ = {isa = PBXFileReference; lastKnownFileType = sourcecode.c.h; path = ViewController.h; sourceTree = "<group>"; };
		6801F1582C6DFB84003737C5 /* ViewController.m */ = {isa = PBXFileReference; lastKnownFileType = sourcecode.c.objc; path = ViewController.m; sourceTree = "<group>"; };
		6801F15B2C6DFB84003737C5 /* Base */ = {isa = PBXFileReference; lastKnownFileType = file.storyboard; name = Base; path = Base.lproj/Main.storyboard; sourceTree = "<group>"; };
		6801F15D2C6DFB86003737C5 /* Assets.xcassets */ = {isa = PBXFileReference; lastKnownFileType = folder.assetcatalog; path = Assets.xcassets; sourceTree = "<group>"; };
		6801F1602C6DFB86003737C5 /* Base */ = {isa = PBXFileReference; lastKnownFileType = file.storyboard; name = Base; path = Base.lproj/LaunchScreen.storyboard; sourceTree = "<group>"; };
		6801F1622C6DFB86003737C5 /* Info.plist */ = {isa = PBXFileReference; lastKnownFileType = text.plist.xml; path = Info.plist; sourceTree = "<group>"; };
		6801F1632C6DFB86003737C5 /* main.m */ = {isa = PBXFileReference; lastKnownFileType = sourcecode.c.objc; path = main.m; sourceTree = "<group>"; };
		6801F1692C6DFB86003737C5 /* KJImageCompressionTests.xctest */ = {isa = PBXFileReference; explicitFileType = wrapper.cfbundle; includeInIndex = 0; path = KJImageCompressionTests.xctest; sourceTree = BUILT_PRODUCTS_DIR; };
		6801F16D2C6DFB86003737C5 /* KJImageCompressionTests.m */ = {isa = PBXFileReference; lastKnownFileType = sourcecode.c.objc; path = KJImageCompressionTests.m; sourceTree = "<group>"; };
		6801F1732C6DFB86003737C5 /* KJImageCompressionUITests.xctest */ = {isa = PBXFileReference; explicitFileType = wrapper.cfbundle; includeInIndex = 0; path = KJImageCompressionUITests.xctest; sourceTree = BUILT_PRODUCTS_DIR; };
		6801F1772C6DFB86003737C5 /* KJImageCompressionUITests.m */ = {isa = PBXFileReference; lastKnownFileType = sourcecode.c.objc; path = KJImageCompressionUITests.m; sourceTree = "<group>"; };
		6801F1792C6DFB86003737C5 /* KJImageCompressionUITestsLaunchTests.m */ = {isa = PBXFileReference; lastKnownFileType = sourcecode.c.objc; path = KJImageCompressionUITestsLaunchTests.m; sourceTree = "<group>"; };
		6801F1862C6DFC08003737C5 /* KJImageCompressVC.h */ = {isa = PBXFileReference; lastKnownFileType = sourcecode.c.h; path = KJImageCompressVC.h; sourceTree = "<group>"; };
		6801F1872C6DFC08003737C5 /* KJImageCompressVC.m */ = {isa = PBXFileReference; lastKnownFileType = sourcecode.c.objc; path = KJImageCompressVC.m; sourceTree = "<group>"; };
		6801F18B2C6DFC8F003737C5 /* NSData+ImageFormat.h */ = {isa = PBXFileReference; lastKnownFileType = sourcecode.c.h; path = "NSData+ImageFormat.h"; sourceTree = "<group>"; };
		6801F18C2C6DFC8F003737C5 /* NSData+ImageFormat.m */ = {isa = PBXFileReference; lastKnownFileType = sourcecode.c.objc; path = "NSData+ImageFormat.m"; sourceTree = "<group>"; };
		6801F18E2C6DFCB5003737C5 /* UIImage+Compression.h */ = {isa = PBXFileReference; lastKnownFileType = sourcecode.c.h; path = "UIImage+Compression.h"; sourceTree = "<group>"; };
		6801F18F2C6DFCB5003737C5 /* UIImage+Compression.m */ = {isa = PBXFileReference; lastKnownFileType = sourcecode.c.objc; path = "UIImage+Compression.m"; sourceTree = "<group>"; };
		6801F1912C6E0CE9003737C5 /* png.png */ = {isa = PBXFileReference; lastKnownFileType = image.png; path = png.png; sourceTree = "<group>"; };
		6801F1922C6E0CE9003737C5 /* jpg.jpg */ = {isa = PBXFileReference; lastKnownFileType = image.jpeg; path = jpg.jpg; sourceTree = "<group>"; };
		6801F1932C6E0CE9003737C5 /* gif.gif */ = {isa = PBXFileReference; lastKnownFileType = image.gif; path = gif.gif; sourceTree = "<group>"; };
/* End PBXFileReference section */

/* Begin PBXFrameworksBuildPhase section */
		6801F14B2C6DFB84003737C5 /* Frameworks */ = {
			isa = PBXFrameworksBuildPhase;
			buildActionMask = 2147483647;
			files = (
			);
			runOnlyForDeploymentPostprocessing = 0;
		};
		6801F1662C6DFB86003737C5 /* Frameworks */ = {
			isa = PBXFrameworksBuildPhase;
			buildActionMask = 2147483647;
			files = (
			);
			runOnlyForDeploymentPostprocessing = 0;
		};
		6801F1702C6DFB86003737C5 /* Frameworks */ = {
			isa = PBXFrameworksBuildPhase;
			buildActionMask = 2147483647;
			files = (
			);
			runOnlyForDeploymentPostprocessing = 0;
		};
/* End PBXFrameworksBuildPhase section */

/* Begin PBXGroup section */
		6801F1452C6DFB84003737C5 = {
			isa = PBXGroup;
			children = (
				6801F1502C6DFB84003737C5 /* KJImageCompression */,
				6801F16C2C6DFB86003737C5 /* KJImageCompressionTests */,
				6801F1762C6DFB86003737C5 /* KJImageCompressionUITests */,
				6801F14F2C6DFB84003737C5 /* Products */,
			);
			sourceTree = "<group>";
		};
		6801F14F2C6DFB84003737C5 /* Products */ = {
			isa = PBXGroup;
			children = (
				6801F14E2C6DFB84003737C5 /* KJImageCompression.app */,
				6801F1692C6DFB86003737C5 /* KJImageCompressionTests.xctest */,
				6801F1732C6DFB86003737C5 /* KJImageCompressionUITests.xctest */,
			);
			name = Products;
			sourceTree = "<group>";
		};
		6801F1502C6DFB84003737C5 /* KJImageCompression */ = {
			isa = PBXGroup;
			children = (
				6801F18A2C6DFC41003737C5 /* Category */,
				6801F1892C6DFC2A003737C5 /* Resource */,
				6801F1512C6DFB84003737C5 /* AppDelegate.h */,
				6801F1522C6DFB84003737C5 /* AppDelegate.m */,
				6801F1542C6DFB84003737C5 /* SceneDelegate.h */,
				6801F1552C6DFB84003737C5 /* SceneDelegate.m */,
				6801F1572C6DFB84003737C5 /* ViewController.h */,
				6801F1582C6DFB84003737C5 /* ViewController.m */,
				6801F1862C6DFC08003737C5 /* KJImageCompressVC.h */,
				6801F1872C6DFC08003737C5 /* KJImageCompressVC.m */,
				6801F15A2C6DFB84003737C5 /* Main.storyboard */,
				6801F15D2C6DFB86003737C5 /* Assets.xcassets */,
				6801F15F2C6DFB86003737C5 /* LaunchScreen.storyboard */,
				6801F1622C6DFB86003737C5 /* Info.plist */,
				6801F1632C6DFB86003737C5 /* main.m */,
			);
			path = KJImageCompression;
			sourceTree = "<group>";
		};
		6801F16C2C6DFB86003737C5 /* KJImageCompressionTests */ = {
			isa = PBXGroup;
			children = (
				6801F16D2C6DFB86003737C5 /* KJImageCompressionTests.m */,
			);
			path = KJImageCompressionTests;
			sourceTree = "<group>";
		};
		6801F1762C6DFB86003737C5 /* KJImageCompressionUITests */ = {
			isa = PBXGroup;
			children = (
				6801F1772C6DFB86003737C5 /* KJImageCompressionUITests.m */,
				6801F1792C6DFB86003737C5 /* KJImageCompressionUITestsLaunchTests.m */,
			);
			path = KJImageCompressionUITests;
			sourceTree = "<group>";
		};
		6801F1892C6DFC2A003737C5 /* Resource */ = {
			isa = PBXGroup;
			children = (
				6801F1912C6E0CE9003737C5 /* png.png */,
				6801F1922C6E0CE9003737C5 /* jpg.jpg */,
				6801F1932C6E0CE9003737C5 /* gif.gif */,
			);
			path = Resource;
			sourceTree = "<group>";
		};
		6801F18A2C6DFC41003737C5 /* Category */ = {
			isa = PBXGroup;
			children = (
				6801F18B2C6DFC8F003737C5 /* NSData+ImageFormat.h */,
				6801F18C2C6DFC8F003737C5 /* NSData+ImageFormat.m */,
				6801F18E2C6DFCB5003737C5 /* UIImage+Compression.h */,
				6801F18F2C6DFCB5003737C5 /* UIImage+Compression.m */,
			);
			path = Category;
			sourceTree = "<group>";
		};
/* End PBXGroup section */

/* Begin PBXNativeTarget section */
		6801F14D2C6DFB84003737C5 /* KJImageCompression */ = {
			isa = PBXNativeTarget;
			buildConfigurationList = 6801F17D2C6DFB86003737C5 /* Build configuration list for PBXNativeTarget "KJImageCompression" */;
			buildPhases = (
				6801F14A2C6DFB84003737C5 /* Sources */,
				6801F14B2C6DFB84003737C5 /* Frameworks */,
				6801F14C2C6DFB84003737C5 /* Resources */,
			);
			buildRules = (
			);
			dependencies = (
			);
			name = KJImageCompression;
			productName = KJImageCompression;
			productReference = 6801F14E2C6DFB84003737C5 /* KJImageCompression.app */;
			productType = "com.apple.product-type.application";
		};
		6801F1682C6DFB86003737C5 /* KJImageCompressionTests */ = {
			isa = PBXNativeTarget;
			buildConfigurationList = 6801F1802C6DFB86003737C5 /* Build configuration list for PBXNativeTarget "KJImageCompressionTests" */;
			buildPhases = (
				6801F1652C6DFB86003737C5 /* Sources */,
				6801F1662C6DFB86003737C5 /* Frameworks */,
				6801F1672C6DFB86003737C5 /* Resources */,
			);
			buildRules = (
			);
			dependencies = (
				6801F16B2C6DFB86003737C5 /* PBXTargetDependency */,
			);
			name = KJImageCompressionTests;
			productName = KJImageCompressionTests;
			productReference = 6801F1692C6DFB86003737C5 /* KJImageCompressionTests.xctest */;
			productType = "com.apple.product-type.bundle.unit-test";
		};
		6801F1722C6DFB86003737C5 /* KJImageCompressionUITests */ = {
			isa = PBXNativeTarget;
			buildConfigurationList = 6801F1832C6DFB86003737C5 /* Build configuration list for PBXNativeTarget "KJImageCompressionUITests" */;
			buildPhases = (
				6801F16F2C6DFB86003737C5 /* Sources */,
				6801F1702C6DFB86003737C5 /* Frameworks */,
				6801F1712C6DFB86003737C5 /* Resources */,
			);
			buildRules = (
			);
			dependencies = (
				6801F1752C6DFB86003737C5 /* PBXTargetDependency */,
			);
			name = KJImageCompressionUITests;
			productName = KJImageCompressionUITests;
			productReference = 6801F1732C6DFB86003737C5 /* KJImageCompressionUITests.xctest */;
			productType = "com.apple.product-type.bundle.ui-testing";
		};
/* End PBXNativeTarget section */

/* Begin PBXProject section */
		6801F1462C6DFB84003737C5 /* Project object */ = {
			isa = PBXProject;
			attributes = {
				BuildIndependentTargetsInParallel = 1;
				LastUpgradeCheck = 1400;
				TargetAttributes = {
					6801F14D2C6DFB84003737C5 = {
						CreatedOnToolsVersion = 14.0;
					};
					6801F1682C6DFB86003737C5 = {
						CreatedOnToolsVersion = 14.0;
						TestTargetID = 6801F14D2C6DFB84003737C5;
					};
					6801F1722C6DFB86003737C5 = {
						CreatedOnToolsVersion = 14.0;
						TestTargetID = 6801F14D2C6DFB84003737C5;
					};
				};
			};
			buildConfigurationList = 6801F1492C6DFB84003737C5 /* Build configuration list for PBXProject "KJImageCompression" */;
			compatibilityVersion = "Xcode 14.0";
			developmentRegion = en;
			hasScannedForEncodings = 0;
			knownRegions = (
				en,
				Base,
			);
			mainGroup = 6801F1452C6DFB84003737C5;
			productRefGroup = 6801F14F2C6DFB84003737C5 /* Products */;
			projectDirPath = "";
			projectRoot = "";
			targets = (
				6801F14D2C6DFB84003737C5 /* KJImageCompression */,
				6801F1682C6DFB86003737C5 /* KJImageCompressionTests */,
				6801F1722C6DFB86003737C5 /* KJImageCompressionUITests */,
			);
		};
/* End PBXProject section */

/* Begin PBXResourcesBuildPhase section */
		6801F14C2C6DFB84003737C5 /* Resources */ = {
			isa = PBXResourcesBuildPhase;
			buildActionMask = 2147483647;
			files = (
				6801F1962C6E0CE9003737C5 /* gif.gif in Resources */,
				6801F1612C6DFB86003737C5 /* LaunchScreen.storyboard in Resources */,
				6801F1942C6E0CE9003737C5 /* png.png in Resources */,
				6801F1952C6E0CE9003737C5 /* jpg.jpg in Resources */,
				6801F15E2C6DFB86003737C5 /* Assets.xcassets in Resources */,
				6801F15C2C6DFB84003737C5 /* Main.storyboard in Resources */,
			);
			runOnlyForDeploymentPostprocessing = 0;
		};
		6801F1672C6DFB86003737C5 /* Resources */ = {
			isa = PBXResourcesBuildPhase;
			buildActionMask = 2147483647;
			files = (
			);
			runOnlyForDeploymentPostprocessing = 0;
		};
		6801F1712C6DFB86003737C5 /* Resources */ = {
			isa = PBXResourcesBuildPhase;
			buildActionMask = 2147483647;
			files = (
			);
			runOnlyForDeploymentPostprocessing = 0;
		};
/* End PBXResourcesBuildPhase section */

/* Begin PBXSourcesBuildPhase section */
		6801F14A2C6DFB84003737C5 /* Sources */ = {
			isa = PBXSourcesBuildPhase;
			buildActionMask = 2147483647;
			files = (
				6801F1592C6DFB84003737C5 /* ViewController.m in Sources */,
				6801F1532C6DFB84003737C5 /* AppDelegate.m in Sources */,
				6801F1902C6DFCB5003737C5 /* UIImage+Compression.m in Sources */,
				6801F1642C6DFB86003737C5 /* main.m in Sources */,
				6801F1882C6DFC08003737C5 /* KJImageCompressVC.m in Sources */,
				6801F1562C6DFB84003737C5 /* SceneDelegate.m in Sources */,
				6801F18D2C6DFC8F003737C5 /* NSData+ImageFormat.m in Sources */,
			);
			runOnlyForDeploymentPostprocessing = 0;
		};
		6801F1652C6DFB86003737C5 /* Sources */ = {
			isa = PBXSourcesBuildPhase;
			buildActionMask = 2147483647;
			files = (
				6801F16E2C6DFB86003737C5 /* KJImageCompressionTests.m in Sources */,
			);
			runOnlyForDeploymentPostprocessing = 0;
		};
		6801F16F2C6DFB86003737C5 /* Sources */ = {
			isa = PBXSourcesBuildPhase;
			buildActionMask = 2147483647;
			files = (
				6801F17A2C6DFB86003737C5 /* KJImageCompressionUITestsLaunchTests.m in Sources */,
				6801F1782C6DFB86003737C5 /* KJImageCompressionUITests.m in Sources */,
			);
			runOnlyForDeploymentPostprocessing = 0;
		};
/* End PBXSourcesBuildPhase section */

/* Begin PBXTargetDependency section */
		6801F16B2C6DFB86003737C5 /* PBXTargetDependency */ = {
			isa = PBXTargetDependency;
			target = 6801F14D2C6DFB84003737C5 /* KJImageCompression */;
			targetProxy = 6801F16A2C6DFB86003737C5 /* PBXContainerItemProxy */;
		};
		6801F1752C6DFB86003737C5 /* PBXTargetDependency */ = {
			isa = PBXTargetDependency;
			target = 6801F14D2C6DFB84003737C5 /* KJImageCompression */;
			targetProxy = 6801F1742C6DFB86003737C5 /* PBXContainerItemProxy */;
		};
/* End PBXTargetDependency section */

/* Begin PBXVariantGroup section */
		6801F15A2C6DFB84003737C5 /* Main.storyboard */ = {
			isa = PBXVariantGroup;
			children = (
				6801F15B2C6DFB84003737C5 /* Base */,
			);
			name = Main.storyboard;
			sourceTree = "<group>";
		};
		6801F15F2C6DFB86003737C5 /* LaunchScreen.storyboard */ = {
			isa = PBXVariantGroup;
			children = (
				6801F1602C6DFB86003737C5 /* Base */,
			);
			name = LaunchScreen.storyboard;
			sourceTree = "<group>";
		};
/* End PBXVariantGroup section */

/* Begin XCBuildConfiguration section */
		6801F17B2C6DFB86003737C5 /* Debug */ = {
			isa = XCBuildConfiguration;
			buildSettings = {
				ALWAYS_SEARCH_USER_PATHS = NO;
				CLANG_ANALYZER_NONNULL = YES;
				CLANG_ANALYZER_NUMBER_OBJECT_CONVERSION = YES_AGGRESSIVE;
				CLANG_CXX_LANGUAGE_STANDARD = "gnu++20";
				CLANG_ENABLE_MODULES = YES;
				CLANG_ENABLE_OBJC_ARC = YES;
				CLANG_ENABLE_OBJC_WEAK = YES;
				CLANG_WARN_BLOCK_CAPTURE_AUTORELEASING = YES;
				CLANG_WARN_BOOL_CONVERSION = YES;
				CLANG_WARN_COMMA = YES;
				CLANG_WARN_CONSTANT_CONVERSION = YES;
				CLANG_WARN_DEPRECATED_OBJC_IMPLEMENTATIONS = YES;
				CLANG_WARN_DIRECT_OBJC_ISA_USAGE = YES_ERROR;
				CLANG_WARN_DOCUMENTATION_COMMENTS = YES;
				CLANG_WARN_EMPTY_BODY = YES;
				CLANG_WARN_ENUM_CONVERSION = YES;
				CLANG_WARN_INFINITE_RECURSION = YES;
				CLANG_WARN_INT_CONVERSION = YES;
				CLANG_WARN_NON_LITERAL_NULL_CONVERSION = YES;
				CLANG_WARN_OBJC_IMPLICIT_RETAIN_SELF = YES;
				CLANG_WARN_OBJC_LITERAL_CONVERSION = YES;
				CLANG_WARN_OBJC_ROOT_CLASS = YES_ERROR;
				CLANG_WARN_QUOTED_INCLUDE_IN_FRAMEWORK_HEADER = YES;
				CLANG_WARN_RANGE_LOOP_ANALYSIS = YES;
				CLANG_WARN_STRICT_PROTOTYPES = YES;
				CLANG_WARN_SUSPICIOUS_MOVE = YES;
				CLANG_WARN_UNGUARDED_AVAILABILITY = YES_AGGRESSIVE;
				CLANG_WARN_UNREACHABLE_CODE = YES;
				CLANG_WARN__DUPLICATE_METHOD_MATCH = YES;
				COPY_PHASE_STRIP = NO;
				DEBUG_INFORMATION_FORMAT = dwarf;
				ENABLE_STRICT_OBJC_MSGSEND = YES;
				ENABLE_TESTABILITY = YES;
				GCC_C_LANGUAGE_STANDARD = gnu11;
				GCC_DYNAMIC_NO_PIC = NO;
				GCC_NO_COMMON_BLOCKS = YES;
				GCC_OPTIMIZATION_LEVEL = 0;
				GCC_PREPROCESSOR_DEFINITIONS = (
					"DEBUG=1",
					"$(inherited)",
				);
				GCC_WARN_64_TO_32_BIT_CONVERSION = YES;
				GCC_WARN_ABOUT_RETURN_TYPE = YES_ERROR;
				GCC_WARN_UNDECLARED_SELECTOR = YES;
				GCC_WARN_UNINITIALIZED_AUTOS = YES_AGGRESSIVE;
				GCC_WARN_UNUSED_FUNCTION = YES;
				GCC_WARN_UNUSED_VARIABLE = YES;
				IPHONEOS_DEPLOYMENT_TARGET = 16.0;
				MTL_ENABLE_DEBUG_INFO = INCLUDE_SOURCE;
				MTL_FAST_MATH = YES;
				ONLY_ACTIVE_ARCH = YES;
				SDKROOT = iphoneos;
			};
			name = Debug;
		};
		6801F17C2C6DFB86003737C5 /* Release */ = {
			isa = XCBuildConfiguration;
			buildSettings = {
				ALWAYS_SEARCH_USER_PATHS = NO;
				CLANG_ANALYZER_NONNULL = YES;
				CLANG_ANALYZER_NUMBER_OBJECT_CONVERSION = YES_AGGRESSIVE;
				CLANG_CXX_LANGUAGE_STANDARD = "gnu++20";
				CLANG_ENABLE_MODULES = YES;
				CLANG_ENABLE_OBJC_ARC = YES;
				CLANG_ENABLE_OBJC_WEAK = YES;
				CLANG_WARN_BLOCK_CAPTURE_AUTORELEASING = YES;
				CLANG_WARN_BOOL_CONVERSION = YES;
				CLANG_WARN_COMMA = YES;
				CLANG_WARN_CONSTANT_CONVERSION = YES;
				CLANG_WARN_DEPRECATED_OBJC_IMPLEMENTATIONS = YES;
				CLANG_WARN_DIRECT_OBJC_ISA_USAGE = YES_ERROR;
				CLANG_WARN_DOCUMENTATION_COMMENTS = YES;
				CLANG_WARN_EMPTY_BODY = YES;
				CLANG_WARN_ENUM_CONVERSION = YES;
				CLANG_WARN_INFINITE_RECURSION = YES;
				CLANG_WARN_INT_CONVERSION = YES;
				CLANG_WARN_NON_LITERAL_NULL_CONVERSION = YES;
				CLANG_WARN_OBJC_IMPLICIT_RETAIN_SELF = YES;
				CLANG_WARN_OBJC_LITERAL_CONVERSION = YES;
				CLANG_WARN_OBJC_ROOT_CLASS = YES_ERROR;
				CLANG_WARN_QUOTED_INCLUDE_IN_FRAMEWORK_HEADER = YES;
				CLANG_WARN_RANGE_LOOP_ANALYSIS = YES;
				CLANG_WARN_STRICT_PROTOTYPES = YES;
				CLANG_WARN_SUSPICIOUS_MOVE = YES;
				CLANG_WARN_UNGUARDED_AVAILABILITY = YES_AGGRESSIVE;
				CLANG_WARN_UNREACHABLE_CODE = YES;
				CLANG_WARN__DUPLICATE_METHOD_MATCH = YES;
				COPY_PHASE_STRIP = NO;
				DEBUG_INFORMATION_FORMAT = "dwarf-with-dsym";
				ENABLE_NS_ASSERTIONS = NO;
				ENABLE_STRICT_OBJC_MSGSEND = YES;
				GCC_C_LANGUAGE_STANDARD = gnu11;
				GCC_NO_COMMON_BLOCKS = YES;
				GCC_WARN_64_TO_32_BIT_CONVERSION = YES;
				GCC_WARN_ABOUT_RETURN_TYPE = YES_ERROR;
				GCC_WARN_UNDECLARED_SELECTOR = YES;
				GCC_WARN_UNINITIALIZED_AUTOS = YES_AGGRESSIVE;
				GCC_WARN_UNUSED_FUNCTION = YES;
				GCC_WARN_UNUSED_VARIABLE = YES;
				IPHONEOS_DEPLOYMENT_TARGET = 16.0;
				MTL_ENABLE_DEBUG_INFO = NO;
				MTL_FAST_MATH = YES;
				SDKROOT = iphoneos;
				VALIDATE_PRODUCT = YES;
			};
			name = Release;
		};
		6801F17E2C6DFB86003737C5 /* Debug */ = {
			isa = XCBuildConfiguration;
			buildSettings = {
				ASSETCATALOG_COMPILER_APPICON_NAME = AppIcon;
				ASSETCATALOG_COMPILER_GLOBAL_ACCENT_COLOR_NAME = AccentColor;
				CODE_SIGN_STYLE = Automatic;
				CURRENT_PROJECT_VERSION = 1;
				DEVELOPMENT_TEAM = 6T2VWAK6CR;
				GENERATE_INFOPLIST_FILE = YES;
				INFOPLIST_FILE = KJImageCompression/Info.plist;
				INFOPLIST_KEY_UIApplicationSupportsIndirectInputEvents = YES;
				INFOPLIST_KEY_UILaunchStoryboardName = LaunchScreen;
				INFOPLIST_KEY_UIMainStoryboardFile = Main;
				INFOPLIST_KEY_UISupportedInterfaceOrientations_iPad = "UIInterfaceOrientationPortrait UIInterfaceOrientationPortraitUpsideDown UIInterfaceOrientationLandscapeLeft UIInterfaceOrientationLandscapeRight";
				INFOPLIST_KEY_UISupportedInterfaceOrientations_iPhone = "UIInterfaceOrientationPortrait UIInterfaceOrientationLandscapeLeft UIInterfaceOrientationLandscapeRight";
				LD_RUNPATH_SEARCH_PATHS = (
					"$(inherited)",
					"@executable_path/Frameworks",
				);
				MARKETING_VERSION = 1.0;
				PRODUCT_BUNDLE_IDENTIFIER = com.yuanxuehu.KJImageCompression;
				PRODUCT_NAME = "$(TARGET_NAME)";
				SWIFT_EMIT_LOC_STRINGS = YES;
				TARGETED_DEVICE_FAMILY = "1,2";
			};
			name = Debug;
		};
		6801F17F2C6DFB86003737C5 /* Release */ = {
			isa = XCBuildConfiguration;
			buildSettings = {
				ASSETCATALOG_COMPILER_APPICON_NAME = AppIcon;
				ASSETCATALOG_COMPILER_GLOBAL_ACCENT_COLOR_NAME = AccentColor;
				CODE_SIGN_STYLE = Automatic;
				CURRENT_PROJECT_VERSION = 1;
				DEVELOPMENT_TEAM = 6T2VWAK6CR;
				GENERATE_INFOPLIST_FILE = YES;
				INFOPLIST_FILE = KJImageCompression/Info.plist;
				INFOPLIST_KEY_UIApplicationSupportsIndirectInputEvents = YES;
				INFOPLIST_KEY_UILaunchStoryboardName = LaunchScreen;
				INFOPLIST_KEY_UIMainStoryboardFile = Main;
				INFOPLIST_KEY_UISupportedInterfaceOrientations_iPad = "UIInterfaceOrientationPortrait UIInterfaceOrientationPortraitUpsideDown UIInterfaceOrientationLandscapeLeft UIInterfaceOrientationLandscapeRight";
				INFOPLIST_KEY_UISupportedInterfaceOrientations_iPhone = "UIInterfaceOrientationPortrait UIInterfaceOrientationLandscapeLeft UIInterfaceOrientationLandscapeRight";
				LD_RUNPATH_SEARCH_PATHS = (
					"$(inherited)",
					"@executable_path/Frameworks",
				);
				MARKETING_VERSION = 1.0;
				PRODUCT_BUNDLE_IDENTIFIER = com.yuanxuehu.KJImageCompression;
				PRODUCT_NAME = "$(TARGET_NAME)";
				SWIFT_EMIT_LOC_STRINGS = YES;
				TARGETED_DEVICE_FAMILY = "1,2";
			};
			name = Release;
		};
		6801F1812C6DFB86003737C5 /* Debug */ = {
			isa = XCBuildConfiguration;
			buildSettings = {
				BUNDLE_LOADER = "$(TEST_HOST)";
				CODE_SIGN_STYLE = Automatic;
				CURRENT_PROJECT_VERSION = 1;
				DEVELOPMENT_TEAM = 6T2VWAK6CR;
				GENERATE_INFOPLIST_FILE = YES;
				IPHONEOS_DEPLOYMENT_TARGET = 16.0;
				MARKETING_VERSION = 1.0;
				PRODUCT_BUNDLE_IDENTIFIER = com.yuanxuehu.KJImageCompressionTests;
				PRODUCT_NAME = "$(TARGET_NAME)";
				SWIFT_EMIT_LOC_STRINGS = NO;
				TARGETED_DEVICE_FAMILY = "1,2";
				TEST_HOST = "$(BUILT_PRODUCTS_DIR)/KJImageCompression.app/$(BUNDLE_EXECUTABLE_FOLDER_PATH)/KJImageCompression";
			};
			name = Debug;
		};
		6801F1822C6DFB86003737C5 /* Release */ = {
			isa = XCBuildConfiguration;
			buildSettings = {
				BUNDLE_LOADER = "$(TEST_HOST)";
				CODE_SIGN_STYLE = Automatic;
				CURRENT_PROJECT_VERSION = 1;
				DEVELOPMENT_TEAM = 6T2VWAK6CR;
				GENERATE_INFOPLIST_FILE = YES;
				IPHONEOS_DEPLOYMENT_TARGET = 16.0;
				MARKETING_VERSION = 1.0;
				PRODUCT_BUNDLE_IDENTIFIER = com.yuanxuehu.KJImageCompressionTests;
				PRODUCT_NAME = "$(TARGET_NAME)";
				SWIFT_EMIT_LOC_STRINGS = NO;
				TARGETED_DEVICE_FAMILY = "1,2";
				TEST_HOST = "$(BUILT_PRODUCTS_DIR)/KJImageCompression.app/$(BUNDLE_EXECUTABLE_FOLDER_PATH)/KJImageCompression";
			};
			name = Release;
		};
		6801F1842C6DFB86003737C5 /* Debug */ = {
			isa = XCBuildConfiguration;
			buildSettings = {
				CODE_SIGN_STYLE = Automatic;
				CURRENT_PROJECT_VERSION = 1;
				DEVELOPMENT_TEAM = 6T2VWAK6CR;
				GENERATE_INFOPLIST_FILE = YES;
				MARKETING_VERSION = 1.0;
				PRODUCT_BUNDLE_IDENTIFIER = com.yuanxuehu.KJImageCompressionUITests;
				PRODUCT_NAME = "$(TARGET_NAME)";
				SWIFT_EMIT_LOC_STRINGS = NO;
				TARGETED_DEVICE_FAMILY = "1,2";
				TEST_TARGET_NAME = KJImageCompression;
			};
			name = Debug;
		};
		6801F1852C6DFB86003737C5 /* Release */ = {
			isa = XCBuildConfiguration;
			buildSettings = {
				CODE_SIGN_STYLE = Automatic;
				CURRENT_PROJECT_VERSION = 1;
				DEVELOPMENT_TEAM = 6T2VWAK6CR;
				GENERATE_INFOPLIST_FILE = YES;
				MARKETING_VERSION = 1.0;
				PRODUCT_BUNDLE_IDENTIFIER = com.yuanxuehu.KJImageCompressionUITests;
				PRODUCT_NAME = "$(TARGET_NAME)";
				SWIFT_EMIT_LOC_STRINGS = NO;
				TARGETED_DEVICE_FAMILY = "1,2";
				TEST_TARGET_NAME = KJImageCompression;
			};
			name = Release;
		};
/* End XCBuildConfiguration section */

/* Begin XCConfigurationList section */
		6801F1492C6DFB84003737C5 /* Build configuration list for PBXProject "KJImageCompression" */ = {
			isa = XCConfigurationList;
			buildConfigurations = (
				6801F17B2C6DFB86003737C5 /* Debug */,
				6801F17C2C6DFB86003737C5 /* Release */,
			);
			defaultConfigurationIsVisible = 0;
			defaultConfigurationName = Release;
		};
		6801F17D2C6DFB86003737C5 /* Build configuration list for PBXNativeTarget "KJImageCompression" */ = {
			isa = XCConfigurationList;
			buildConfigurations = (
				6801F17E2C6DFB86003737C5 /* Debug */,
				6801F17F2C6DFB86003737C5 /* Release */,
			);
			defaultConfigurationIsVisible = 0;
			defaultConfigurationName = Release;
		};
		6801F1802C6DFB86003737C5 /* Build configuration list for PBXNativeTarget "KJImageCompressionTests" */ = {
			isa = XCConfigurationList;
			buildConfigurations = (
				6801F1812C6DFB86003737C5 /* Debug */,
				6801F1822C6DFB86003737C5 /* Release */,
			);
			defaultConfigurationIsVisible = 0;
			defaultConfigurationName = Release;
		};
		6801F1832C6DFB86003737C5 /* Build configuration list for PBXNativeTarget "KJImageCompressionUITests" */ = {
			isa = XCConfigurationList;
			buildConfigurations = (
				6801F1842C6DFB86003737C5 /* Debug */,
				6801F1852C6DFB86003737C5 /* Release */,
			);
			defaultConfigurationIsVisible = 0;
			defaultConfigurationName = Release;
		};
/* End XCConfigurationList section */
	};
	rootObject = 6801F1462C6DFB84003737C5 /* Project object */;
}
